
Microsoft Visual Studio Solution File, Format Version 12.00
# Visual Studio Version 17
VisualStudioVersion = 17.5.33414.496
MinimumVisualStudioVersion = 10.0.40219.1
Project("{FAE04EC0-301F-11D3-BF4B-00C04F79EFBC}") = "GUI_tubes KPL", "GUI_tubes KPL\GUI_tubes KPL.csproj", "{C855DD68-9E87-4CB5-AC0F-62BEBF359DC4}"
EndProject
Project("{FAE04EC0-301F-11D3-BF4B-00C04F79EFBC}") = "Register", "Register\Register.csproj", "{5B0E88B7-7623-470F-A363-045B67E62C0E}"
EndProject
Project("{FAE04EC0-301F-11D3-BF4B-00C04F79EFBC}") = "KapasitasLibrary", "KapasitasLibrary\KapasitasLibrary.csproj", "{B24F9CD9-4AB3-425F-93E3-808D76CAE281}"
EndProject
Project("{FAE04EC0-301F-11D3-BF4B-00C04F79EFBC}") = "LoginTest", "LoginTest\LoginTest.csproj", "{7E433F71-61BB-41F2-A310-50EDB3992FAB}"
EndProject
Project("{FAE04EC0-301F-11D3-BF4B-00C04F79EFBC}") = "Register_test", "Register_test\Register_test.csproj", "{B83852B4-3718-40C0-A491-6B676E362793}"
EndProject
Project("{FAE04EC0-301F-11D3-BF4B-00C04F79EFBC}") = "kapasitas_test", "kapasitas_test\kapasitas_test.csproj", "{FBF1820D-DE75-4756-A4D4-AA7181D7DF8D}"
EndProject
Project("{FAE04EC0-301F-11D3-BF4B-00C04F79EFBC}") = "lihatpoint_test", "lihatpoint_test\lihatpoint_test.csproj", "{1073C569-D96F-41AF-8DD9-DB6DE96D6D0C}"
EndProject
Global
	GlobalSection(SolutionConfigurationPlatforms) = preSolution
		Debug|Any CPU = Debug|Any CPU
		Release|Any CPU = Release|Any CPU
	EndGlobalSection
	GlobalSection(ProjectConfigurationPlatforms) = postSolution
		{C855DD68-9E87-4CB5-AC0F-62BEBF359DC4}.Debug|Any CPU.ActiveCfg = Debug|Any CPU
		{C855DD68-9E87-4CB5-AC0F-62BEBF359DC4}.Debug|Any CPU.Build.0 = Debug|Any CPU
		{C855DD68-9E87-4CB5-AC0F-62BEBF359DC4}.Release|Any CPU.ActiveCfg = Release|Any CPU
		{C855DD68-9E87-4CB5-AC0F-62BEBF359DC4}.Release|Any CPU.Build.0 = Release|Any CPU
		{5B0E88B7-7623-470F-A363-045B67E62C0E}.Debug|Any CPU.ActiveCfg = Debug|Any CPU
		{5B0E88B7-7623-470F-A363-045B67E62C0E}.Debug|Any CPU.Build.0 = Debug|Any CPU
		{5B0E88B7-7623-470F-A363-045B67E62C0E}.Release|Any CPU.ActiveCfg = Release|Any CPU
		{5B0E88B7-7623-470F-A363-045B67E62C0E}.Release|Any CPU.Build.0 = Release|Any CPU
		{B24F9CD9-4AB3-425F-93E3-808D76CAE281}.Debug|Any CPU.ActiveCfg = Debug|Any CPU
		{B24F9CD9-4AB3-425F-93E3-808D76CAE281}.Debug|Any CPU.Build.0 = Debug|Any CPU
		{B24F9CD9-4AB3-425F-93E3-808D76CAE281}.Release|Any CPU.ActiveCfg = Release|Any CPU
		{B24F9CD9-4AB3-425F-93E3-808D76CAE281}.Release|Any CPU.Build.0 = Release|Any CPU
		{7E433F71-61BB-41F2-A310-50EDB3992FAB}.Debug|Any CPU.ActiveCfg = Debug|Any CPU
		{7E433F71-61BB-41F2-A310-50EDB3992FAB}.Debug|Any CPU.Build.0 = Debug|Any CPU
		{7E433F71-61BB-41F2-A310-50EDB3992FAB}.Release|Any CPU.ActiveCfg = Release|Any CPU
		{7E433F71-61BB-41F2-A310-50EDB3992FAB}.Release|Any CPU.Build.0 = Release|Any CPU
		{B83852B4-3718-40C0-A491-6B676E362793}.Debug|Any CPU.ActiveCfg = Debug|Any CPU
		{B83852B4-3718-40C0-A491-6B676E362793}.Debug|Any CPU.Build.0 = Debug|Any CPU
		{B83852B4-3718-40C0-A491-6B676E362793}.Release|Any CPU.ActiveCfg = Release|Any CPU
		{B83852B4-3718-40C0-A491-6B676E362793}.Release|Any CPU.Build.0 = Release|Any CPU
		{FBF1820D-DE75-4756-A4D4-AA7181D7DF8D}.Debug|Any CPU.ActiveCfg = Debug|Any CPU
		{FBF1820D-DE75-4756-A4D4-AA7181D7DF8D}.Debug|Any CPU.Build.0 = Debug|Any CPU
		{FBF1820D-DE75-4756-A4D4-AA7181D7DF8D}.Release|Any CPU.ActiveCfg = Release|Any CPU
		{FBF1820D-DE75-4756-A4D4-AA7181D7DF8D}.Release|Any CPU.Build.0 = Release|Any CPU
		{1073C569-D96F-41AF-8DD9-DB6DE96D6D0C}.Debug|Any CPU.ActiveCfg = Debug|Any CPU
		{1073C569-D96F-41AF-8DD9-DB6DE96D6D0C}.Debug|Any CPU.Build.0 = Debug|Any CPU
		{1073C569-D96F-41AF-8DD9-DB6DE96D6D0C}.Release|Any CPU.ActiveCfg = Release|Any CPU
		{1073C569-D96F-41AF-8DD9-DB6DE96D6D0C}.Release|Any CPU.Build.0 = Release|Any CPU
	EndGlobalSection
	GlobalSection(SolutionProperties) = preSolution
		HideSolutionNode = FALSE
	EndGlobalSection
	GlobalSection(ExtensibilityGlobals) = postSolution
		SolutionGuid = {C7DF067C-437F-4294-BB8D-F019C140757A}
	EndGlobalSection
EndGlobal
